
Microsoft Visual Studio Solution File, Format Version 12.00
# Visual Studio Version 16
VisualStudioVersion = 16.0.30621.155
MinimumVisualStudioVersion = 10.0.40219.1
Project("{FAE04EC0-301F-11D3-BF4B-00C04F79EFBC}") = "CarWashAggregator.User.Deamon", "CarWashAggregator.User.Deamon\CarWashAggregator.User.Deamon.csproj", "{A3A29763-8CB8-4BD6-8227-F536F30B0EC8}"
EndProject
Project("{FAE04EC0-301F-11D3-BF4B-00C04F79EFBC}") = "CarWashAggregator.User.Domain", "CarWashAggregator.User.Domain\CarWashAggregator.User.Domain.csproj", "{58CDE526-E617-4F6A-9167-D85F5D2C94E0}"
EndProject
Project("{FAE04EC0-301F-11D3-BF4B-00C04F79EFBC}") = "CarWashAggregator.User.Infa", "CarWashAggregator.User.Infa\CarWashAggregator.User.Infa.csproj", "{7931BAC4-2D98-4F27-8790-5F447E579912}"
EndProject
Project("{FAE04EC0-301F-11D3-BF4B-00C04F79EFBC}") = "CarWashAggregator.Orders.Business", "CarWashAggregator.Orders.Business\CarWashAggregator.Orders.Business.csproj", "{3F2A03C5-C532-4FB9-817C-DACCA93D623E}"
EndProject
Global
	GlobalSection(SolutionConfigurationPlatforms) = preSolution
		Debug|Any CPU = Debug|Any CPU
		Release|Any CPU = Release|Any CPU
	EndGlobalSection
	GlobalSection(ProjectConfigurationPlatforms) = postSolution
		{A3A29763-8CB8-4BD6-8227-F536F30B0EC8}.Debug|Any CPU.ActiveCfg = Debug|Any CPU
		{A3A29763-8CB8-4BD6-8227-F536F30B0EC8}.Debug|Any CPU.Build.0 = Debug|Any CPU
		{A3A29763-8CB8-4BD6-8227-F536F30B0EC8}.Release|Any CPU.ActiveCfg = Release|Any CPU
		{A3A29763-8CB8-4BD6-8227-F536F30B0EC8}.Release|Any CPU.Build.0 = Release|Any CPU
		{58CDE526-E617-4F6A-9167-D85F5D2C94E0}.Debug|Any CPU.ActiveCfg = Debug|Any CPU
		{58CDE526-E617-4F6A-9167-D85F5D2C94E0}.Debug|Any CPU.Build.0 = Debug|Any CPU
		{58CDE526-E617-4F6A-9167-D85F5D2C94E0}.Release|Any CPU.ActiveCfg = Release|Any CPU
		{58CDE526-E617-4F6A-9167-D85F5D2C94E0}.Release|Any CPU.Build.0 = Release|Any CPU
		{7931BAC4-2D98-4F27-8790-5F447E579912}.Debug|Any CPU.ActiveCfg = Debug|Any CPU
		{7931BAC4-2D98-4F27-8790-5F447E579912}.Debug|Any CPU.Build.0 = Debug|Any CPU
		{7931BAC4-2D98-4F27-8790-5F447E579912}.Release|Any CPU.ActiveCfg = Release|Any CPU
		{7931BAC4-2D98-4F27-8790-5F447E579912}.Release|Any CPU.Build.0 = Release|Any CPU
		{3F2A03C5-C532-4FB9-817C-DACCA93D623E}.Debug|Any CPU.ActiveCfg = Debug|Any CPU
		{3F2A03C5-C532-4FB9-817C-DACCA93D623E}.Debug|Any CPU.Build.0 = Debug|Any CPU
		{3F2A03C5-C532-4FB9-817C-DACCA93D623E}.Release|Any CPU.ActiveCfg = Release|Any CPU
		{3F2A03C5-C532-4FB9-817C-DACCA93D623E}.Release|Any CPU.Build.0 = Release|Any CPU
	EndGlobalSection
	GlobalSection(SolutionProperties) = preSolution
		HideSolutionNode = FALSE
	EndGlobalSection
	GlobalSection(ExtensibilityGlobals) = postSolution
		SolutionGuid = {EA517D98-9EF7-4895-A50E-5D9F10B54939}
	EndGlobalSection
EndGlobal
