
Microsoft Visual Studio Solution File, Format Version 12.00
# Visual Studio Version 16
VisualStudioVersion = 16.0.31702.278
MinimumVisualStudioVersion = 10.0.40219.1
Project("{2150E333-8FDC-42A3-9474-1A3956D46DE8}") = "Microservices", "Microservices", "{F7BF6CB8-7155-434D-90C7-42081CA88BEE}"
EndProject
Project("{2150E333-8FDC-42A3-9474-1A3956D46DE8}") = "Order", "Order", "{499887CD-751C-4A01-B219-83063A35E734}"
EndProject
Project("{9A19103F-16F7-4668-BE54-9A1E7A4F7556}") = "CarWashAggregator.Orders.Business", "CarWashAggregator\Orders\CarWashAggregator.Orders.Business\CarWashAggregator.Orders.Business.csproj", "{33A2E15E-C10B-4C68-BE34-288BA0157F62}"
EndProject
Project("{9A19103F-16F7-4668-BE54-9A1E7A4F7556}") = "CarWashAggregator.Orders.Domain", "CarWashAggregator\Orders\CarWashAggregator.Orders.Domain\CarWashAggregator.Orders.Domain.csproj", "{6164E776-F4C2-406E-9CDC-C040F60542FA}"
EndProject
Project("{9A19103F-16F7-4668-BE54-9A1E7A4F7556}") = "CarWashAggregator.Orders.Deamon", "CarWashAggregator\Orders\CarWashAggregator.Orders.Deamon\CarWashAggregator.Orders.Deamon.csproj", "{FCB2B85C-FA76-4F2F-9A1E-9DF4FD26741B}"
	ProjectSection(ProjectDependencies) = postProject
		{6164E776-F4C2-406E-9CDC-C040F60542FA} = {6164E776-F4C2-406E-9CDC-C040F60542FA}
	EndProjectSection
EndProject
Project("{9A19103F-16F7-4668-BE54-9A1E7A4F7556}") = "CarWashAggregator.Orders.Infra", "CarWashAggregator\Orders\CarWashAggregator.Orders.Infra\CarWashAggregator.Orders.Infra.csproj", "{E338BFAC-7764-42C7-B6BF-4194FEEF4854}"
EndProject
Project("{2150E333-8FDC-42A3-9474-1A3956D46DE8}") = "Common", "Common", "{2B57820D-C658-4BF6-B27A-6C56CF429598}"
EndProject
Project("{9A19103F-16F7-4668-BE54-9A1E7A4F7556}") = "CarWashAggregator.Common.Domain", "CarWashAggregator\Common\CarWashAggregator.Common.Domain\CarWashAggregator.Common.Domain.csproj", "{5CA2F1B2-AB09-4131-B486-0238C262D48A}"
EndProject
Project("{9A19103F-16F7-4668-BE54-9A1E7A4F7556}") = "CarWashAggregator.Common.Infra", "CarWashAggregator\Common\CarWashAggregator.Common.Infra\CarWashAggregator.Common.Infra.csproj", "{82C7F7DF-C968-4D21-812A-3D7543991323}"
EndProject
Project("{9A19103F-16F7-4668-BE54-9A1E7A4F7556}") = "CarWashAggregator.Common.Domain.DTO", "CarWashAggregator\Common\CarWashAggregator.Common.Domain.DTO\CarWashAggregator.Common.Domain.DTO.csproj", "{34F6FC41-ED72-4B2E-9C81-B8A0C90E7AD9}"
	ProjectSection(ProjectDependencies) = postProject
		{5CA2F1B2-AB09-4131-B486-0238C262D48A} = {5CA2F1B2-AB09-4131-B486-0238C262D48A}
	EndProjectSection
EndProject
Project("{2150E333-8FDC-42A3-9474-1A3956D46DE8}") = "ApiGateway", "ApiGateway", "{7FF3E4DC-4855-4C29-9E10-7888918E0073}"
EndProject
Project("{2150E333-8FDC-42A3-9474-1A3956D46DE8}") = "CarWash", "CarWash", "{E63FCF5C-AB75-4D9D-BB6D-F43F5FF5418C}"
EndProject
Project("{9A19103F-16F7-4668-BE54-9A1E7A4F7556}") = "CarWashAggregator.CarWashes.BL", "CarWashAggregator\CarWash\CarWashAggregator.CarWashes.BL\CarWashAggregator.CarWashes.BL.csproj", "{77D9C579-BB48-4CA9-90E3-CC27CD613AD1}"
EndProject
Project("{9A19103F-16F7-4668-BE54-9A1E7A4F7556}") = "CarWashAggregator.CarWashes.Deamon", "CarWashAggregator\CarWash\CarWashAggregator.CarWashes.Deamon\CarWashAggregator.CarWashes.Deamon.csproj", "{3E6E6E89-6E66-4934-BADB-7076C0FEE728}"
EndProject
Project("{9A19103F-16F7-4668-BE54-9A1E7A4F7556}") = "CarWashAggregator.CarWashes.Domain", "CarWashAggregator\CarWash\CarWashAggregator.CarWashes.Domain\CarWashAggregator.CarWashes.Domain.csproj", "{CE1F7ECC-7F39-4819-A025-3BE6F3252196}"
EndProject
Project("{9A19103F-16F7-4668-BE54-9A1E7A4F7556}") = "CarWashAggregator.CarWashes.Infra", "CarWashAggregator\CarWash\CarWashAggregator.CarWashes.Infra\CarWashAggregator.CarWashes.Infra.csproj", "{769E44EA-31CC-4CC5-A53A-54FFD2E0CC4E}"
EndProject
Project("{2150E333-8FDC-42A3-9474-1A3956D46DE8}") = "Authorization", "Authorization", "{FE8D7023-E094-458D-AECB-B66B5E0F65A4}"
EndProject
Project("{9A19103F-16F7-4668-BE54-9A1E7A4F7556}") = "CarWashAggregator.Authorization.Business", "CarWashAggregator\Authorization\CarWashAggregator.Authorization.Business\CarWashAggregator.Authorization.Business.csproj", "{A52F79A6-4809-4F6B-9BBF-6B690AB1E60A}"
	ProjectSection(ProjectDependencies) = postProject
		{34F6FC41-ED72-4B2E-9C81-B8A0C90E7AD9} = {34F6FC41-ED72-4B2E-9C81-B8A0C90E7AD9}
		{5CA2F1B2-AB09-4131-B486-0238C262D48A} = {5CA2F1B2-AB09-4131-B486-0238C262D48A}
	EndProjectSection
EndProject
Project("{9A19103F-16F7-4668-BE54-9A1E7A4F7556}") = "CarWashAggregator.Authorization.Domain", "CarWashAggregator\Authorization\CarWashAggregator.Authorization.Domain\CarWashAggregator.Authorization.Domain.csproj", "{EFF1F4E0-BC2F-46E0-ADDE-A77B0AC57B17}"
EndProject
Project("{9A19103F-16F7-4668-BE54-9A1E7A4F7556}") = "CarWashAggregator.Authorization.Infra", "CarWashAggregator\Authorization\CarWashAggregator.Authorization.Infra\CarWashAggregator.Authorization.Infra.csproj", "{D50A6C01-2E67-4FE7-A703-0070C1F5210C}"
	ProjectSection(ProjectDependencies) = postProject
		{EFF1F4E0-BC2F-46E0-ADDE-A77B0AC57B17} = {EFF1F4E0-BC2F-46E0-ADDE-A77B0AC57B17}
	EndProjectSection
EndProject
Project("{9A19103F-16F7-4668-BE54-9A1E7A4F7556}") = "CarWashAggregator.Authorization.Deamon", "CarWashAggregator\Authorization\CarWashAggregator.Authorization.Deamon\CarWashAggregator.Authorization.Deamon.csproj", "{918C2CDF-B22E-4625-88B9-A7A96BD24F4D}"
EndProject
Project("{2150E333-8FDC-42A3-9474-1A3956D46DE8}") = "User", "User", "{AF3C154C-6440-4A7E-A6CF-620FB1591863}"
EndProject
Project("{9A19103F-16F7-4668-BE54-9A1E7A4F7556}") = "CarWashAggregator.User.Business", "CarWashAggregator\User\CarWashAggregator.Orders.Business\CarWashAggregator.User.Business.csproj", "{95F7322C-D83A-4EA5-AED5-FD72F9EFDA1B}"
EndProject
Project("{9A19103F-16F7-4668-BE54-9A1E7A4F7556}") = "CarWashAggregator.User.Deamon", "CarWashAggregator\User\CarWashAggregator.User.Deamon\CarWashAggregator.User.Deamon.csproj", "{DFFBB8B1-382E-416D-B161-A0352D7C7562}"
EndProject
Project("{9A19103F-16F7-4668-BE54-9A1E7A4F7556}") = "CarWashAggregator.User.Domain", "CarWashAggregator\User\CarWashAggregator.User.Domain\CarWashAggregator.User.Domain.csproj", "{DDC6DDB7-60F8-4A22-A2F3-678D91DB7923}"
EndProject
Project("{9A19103F-16F7-4668-BE54-9A1E7A4F7556}") = "CarWashAggregator.User.Infa", "CarWashAggregator\User\CarWashAggregator.User.Infa\CarWashAggregator.User.Infa.csproj", "{4A7A2B56-BC02-4E6F-90D2-B1CC94360111}"
EndProject
Project("{2150E333-8FDC-42A3-9474-1A3956D46DE8}") = "Review", "Review", "{0AE016B7-7BC6-448E-A7FB-DA11C9B9991A}"
EndProject
Project("{9A19103F-16F7-4668-BE54-9A1E7A4F7556}") = "CarWashAggregator.Review.BL", "CarWashAggregator\Review\CarWashAggregator.Review.BL\CarWashAggregator.Review.BL.csproj", "{44C90326-59B9-4831-A3BD-462EE145486A}"
EndProject
Project("{9A19103F-16F7-4668-BE54-9A1E7A4F7556}") = "CarWashAggregator.Review.Domain", "CarWashAggregator\Review\CarWashAggregator.Review.Domain\CarWashAggregator.Review.Domain.csproj", "{1F86A2A8-FB74-4A59-B734-12878ABD76A4}"
EndProject
Project("{9A19103F-16F7-4668-BE54-9A1E7A4F7556}") = "CarWashAggregator.Review.Infra", "CarWashAggregator\Review\CarWashAggregator.Review.Infra\CarWashAggregator.Review.Infra.csproj", "{18B64005-2620-4DE5-BD31-00157A1B91FC}"
EndProject
Project("{9A19103F-16F7-4668-BE54-9A1E7A4F7556}") = "CarWashAggregator.Review.Deamon", "CarWashAggregator\Review\CarWashAggregator.Review.Deamon\CarWashAggregator.Review.Deamon.csproj", "{957D17F1-6BBE-4DAC-99B0-A84CEC8AD208}"
EndProject
Project("{9A19103F-16F7-4668-BE54-9A1E7A4F7556}") = "CarWashAggregator.ApiGateway.Infra", "CarWashAggregator\ApiGateway\CarWashAggregator.ApiGateway.Infra\CarWashAggregator.ApiGateway.Infra.csproj", "{1E0A0BA9-8E5B-42A2-9344-0474015FC6CD}"
EndProject
Project("{9A19103F-16F7-4668-BE54-9A1E7A4F7556}") = "CarWashAggregator.ApiGateway.Business", "CarWashAggregator\ApiGateway\CarWashAggregator.ApiGateway.Business\CarWashAggregator.ApiGateway.Business.csproj", "{E28BE062-282C-43D1-BB9A-8F4AC1DE8C5F}"
EndProject
Project("{9A19103F-16F7-4668-BE54-9A1E7A4F7556}") = "CarWashAggregator.ApiGateway.Domain", "CarWashAggregator\ApiGateway\CarWashAggregator.ApiGateway.Domain\CarWashAggregator.ApiGateway.Domain.csproj", "{C641038B-C5F6-45C1-9862-9B000FA5EC18}"
EndProject
Project("{9A19103F-16F7-4668-BE54-9A1E7A4F7556}") = "CarWashAggregator.ApiGateway.Deamon", "CarWashAggregator\ApiGateway\CarWashAggregator.ApiGateway.Deamon\CarWashAggregator.ApiGateway.Deamon.csproj", "{37711B30-29C7-4644-AD2C-22D58DCE4AB1}"
EndProject
Global
	GlobalSection(SolutionConfigurationPlatforms) = preSolution
		Debug|Any CPU = Debug|Any CPU
		Release|Any CPU = Release|Any CPU
	EndGlobalSection
	GlobalSection(ProjectConfigurationPlatforms) = postSolution
		{33A2E15E-C10B-4C68-BE34-288BA0157F62}.Debug|Any CPU.ActiveCfg = Debug|Any CPU
		{33A2E15E-C10B-4C68-BE34-288BA0157F62}.Debug|Any CPU.Build.0 = Debug|Any CPU
		{33A2E15E-C10B-4C68-BE34-288BA0157F62}.Release|Any CPU.ActiveCfg = Release|Any CPU
		{33A2E15E-C10B-4C68-BE34-288BA0157F62}.Release|Any CPU.Build.0 = Release|Any CPU
		{6164E776-F4C2-406E-9CDC-C040F60542FA}.Debug|Any CPU.ActiveCfg = Debug|Any CPU
		{6164E776-F4C2-406E-9CDC-C040F60542FA}.Debug|Any CPU.Build.0 = Debug|Any CPU
		{6164E776-F4C2-406E-9CDC-C040F60542FA}.Release|Any CPU.ActiveCfg = Release|Any CPU
		{6164E776-F4C2-406E-9CDC-C040F60542FA}.Release|Any CPU.Build.0 = Release|Any CPU
		{FCB2B85C-FA76-4F2F-9A1E-9DF4FD26741B}.Debug|Any CPU.ActiveCfg = Debug|Any CPU
		{FCB2B85C-FA76-4F2F-9A1E-9DF4FD26741B}.Debug|Any CPU.Build.0 = Debug|Any CPU
		{FCB2B85C-FA76-4F2F-9A1E-9DF4FD26741B}.Release|Any CPU.ActiveCfg = Release|Any CPU
		{FCB2B85C-FA76-4F2F-9A1E-9DF4FD26741B}.Release|Any CPU.Build.0 = Release|Any CPU
		{E338BFAC-7764-42C7-B6BF-4194FEEF4854}.Debug|Any CPU.ActiveCfg = Debug|Any CPU
		{E338BFAC-7764-42C7-B6BF-4194FEEF4854}.Debug|Any CPU.Build.0 = Debug|Any CPU
		{E338BFAC-7764-42C7-B6BF-4194FEEF4854}.Release|Any CPU.ActiveCfg = Release|Any CPU
		{E338BFAC-7764-42C7-B6BF-4194FEEF4854}.Release|Any CPU.Build.0 = Release|Any CPU
		{5CA2F1B2-AB09-4131-B486-0238C262D48A}.Debug|Any CPU.ActiveCfg = Debug|Any CPU
		{5CA2F1B2-AB09-4131-B486-0238C262D48A}.Debug|Any CPU.Build.0 = Debug|Any CPU
		{5CA2F1B2-AB09-4131-B486-0238C262D48A}.Release|Any CPU.ActiveCfg = Release|Any CPU
		{5CA2F1B2-AB09-4131-B486-0238C262D48A}.Release|Any CPU.Build.0 = Release|Any CPU
		{82C7F7DF-C968-4D21-812A-3D7543991323}.Debug|Any CPU.ActiveCfg = Debug|Any CPU
		{82C7F7DF-C968-4D21-812A-3D7543991323}.Debug|Any CPU.Build.0 = Debug|Any CPU
		{82C7F7DF-C968-4D21-812A-3D7543991323}.Release|Any CPU.ActiveCfg = Release|Any CPU
		{82C7F7DF-C968-4D21-812A-3D7543991323}.Release|Any CPU.Build.0 = Release|Any CPU
		{34F6FC41-ED72-4B2E-9C81-B8A0C90E7AD9}.Debug|Any CPU.ActiveCfg = Debug|Any CPU
		{34F6FC41-ED72-4B2E-9C81-B8A0C90E7AD9}.Debug|Any CPU.Build.0 = Debug|Any CPU
		{34F6FC41-ED72-4B2E-9C81-B8A0C90E7AD9}.Release|Any CPU.ActiveCfg = Release|Any CPU
		{34F6FC41-ED72-4B2E-9C81-B8A0C90E7AD9}.Release|Any CPU.Build.0 = Release|Any CPU
		{77D9C579-BB48-4CA9-90E3-CC27CD613AD1}.Debug|Any CPU.ActiveCfg = Debug|Any CPU
		{77D9C579-BB48-4CA9-90E3-CC27CD613AD1}.Debug|Any CPU.Build.0 = Debug|Any CPU
		{77D9C579-BB48-4CA9-90E3-CC27CD613AD1}.Release|Any CPU.ActiveCfg = Release|Any CPU
		{77D9C579-BB48-4CA9-90E3-CC27CD613AD1}.Release|Any CPU.Build.0 = Release|Any CPU
		{3E6E6E89-6E66-4934-BADB-7076C0FEE728}.Debug|Any CPU.ActiveCfg = Debug|Any CPU
		{3E6E6E89-6E66-4934-BADB-7076C0FEE728}.Debug|Any CPU.Build.0 = Debug|Any CPU
		{3E6E6E89-6E66-4934-BADB-7076C0FEE728}.Release|Any CPU.ActiveCfg = Release|Any CPU
		{3E6E6E89-6E66-4934-BADB-7076C0FEE728}.Release|Any CPU.Build.0 = Release|Any CPU
		{CE1F7ECC-7F39-4819-A025-3BE6F3252196}.Debug|Any CPU.ActiveCfg = Debug|Any CPU
		{CE1F7ECC-7F39-4819-A025-3BE6F3252196}.Debug|Any CPU.Build.0 = Debug|Any CPU
		{CE1F7ECC-7F39-4819-A025-3BE6F3252196}.Release|Any CPU.ActiveCfg = Release|Any CPU
		{CE1F7ECC-7F39-4819-A025-3BE6F3252196}.Release|Any CPU.Build.0 = Release|Any CPU
		{769E44EA-31CC-4CC5-A53A-54FFD2E0CC4E}.Debug|Any CPU.ActiveCfg = Debug|Any CPU
		{769E44EA-31CC-4CC5-A53A-54FFD2E0CC4E}.Debug|Any CPU.Build.0 = Debug|Any CPU
		{769E44EA-31CC-4CC5-A53A-54FFD2E0CC4E}.Release|Any CPU.ActiveCfg = Release|Any CPU
		{769E44EA-31CC-4CC5-A53A-54FFD2E0CC4E}.Release|Any CPU.Build.0 = Release|Any CPU
		{A52F79A6-4809-4F6B-9BBF-6B690AB1E60A}.Debug|Any CPU.ActiveCfg = Debug|Any CPU
		{A52F79A6-4809-4F6B-9BBF-6B690AB1E60A}.Debug|Any CPU.Build.0 = Debug|Any CPU
		{A52F79A6-4809-4F6B-9BBF-6B690AB1E60A}.Release|Any CPU.ActiveCfg = Release|Any CPU
		{A52F79A6-4809-4F6B-9BBF-6B690AB1E60A}.Release|Any CPU.Build.0 = Release|Any CPU
		{EFF1F4E0-BC2F-46E0-ADDE-A77B0AC57B17}.Debug|Any CPU.ActiveCfg = Debug|Any CPU
		{EFF1F4E0-BC2F-46E0-ADDE-A77B0AC57B17}.Debug|Any CPU.Build.0 = Debug|Any CPU
		{EFF1F4E0-BC2F-46E0-ADDE-A77B0AC57B17}.Release|Any CPU.ActiveCfg = Release|Any CPU
		{EFF1F4E0-BC2F-46E0-ADDE-A77B0AC57B17}.Release|Any CPU.Build.0 = Release|Any CPU
		{D50A6C01-2E67-4FE7-A703-0070C1F5210C}.Debug|Any CPU.ActiveCfg = Debug|Any CPU
		{D50A6C01-2E67-4FE7-A703-0070C1F5210C}.Debug|Any CPU.Build.0 = Debug|Any CPU
		{D50A6C01-2E67-4FE7-A703-0070C1F5210C}.Release|Any CPU.ActiveCfg = Release|Any CPU
		{D50A6C01-2E67-4FE7-A703-0070C1F5210C}.Release|Any CPU.Build.0 = Release|Any CPU
		{918C2CDF-B22E-4625-88B9-A7A96BD24F4D}.Debug|Any CPU.ActiveCfg = Debug|Any CPU
		{918C2CDF-B22E-4625-88B9-A7A96BD24F4D}.Debug|Any CPU.Build.0 = Debug|Any CPU
		{918C2CDF-B22E-4625-88B9-A7A96BD24F4D}.Release|Any CPU.ActiveCfg = Release|Any CPU
		{918C2CDF-B22E-4625-88B9-A7A96BD24F4D}.Release|Any CPU.Build.0 = Release|Any CPU
		{95F7322C-D83A-4EA5-AED5-FD72F9EFDA1B}.Debug|Any CPU.ActiveCfg = Debug|Any CPU
		{95F7322C-D83A-4EA5-AED5-FD72F9EFDA1B}.Debug|Any CPU.Build.0 = Debug|Any CPU
		{95F7322C-D83A-4EA5-AED5-FD72F9EFDA1B}.Release|Any CPU.ActiveCfg = Release|Any CPU
		{95F7322C-D83A-4EA5-AED5-FD72F9EFDA1B}.Release|Any CPU.Build.0 = Release|Any CPU
		{DFFBB8B1-382E-416D-B161-A0352D7C7562}.Debug|Any CPU.ActiveCfg = Debug|Any CPU
		{DFFBB8B1-382E-416D-B161-A0352D7C7562}.Debug|Any CPU.Build.0 = Debug|Any CPU
		{DFFBB8B1-382E-416D-B161-A0352D7C7562}.Release|Any CPU.ActiveCfg = Release|Any CPU
		{DFFBB8B1-382E-416D-B161-A0352D7C7562}.Release|Any CPU.Build.0 = Release|Any CPU
		{DDC6DDB7-60F8-4A22-A2F3-678D91DB7923}.Debug|Any CPU.ActiveCfg = Debug|Any CPU
		{DDC6DDB7-60F8-4A22-A2F3-678D91DB7923}.Debug|Any CPU.Build.0 = Debug|Any CPU
		{DDC6DDB7-60F8-4A22-A2F3-678D91DB7923}.Release|Any CPU.ActiveCfg = Release|Any CPU
		{DDC6DDB7-60F8-4A22-A2F3-678D91DB7923}.Release|Any CPU.Build.0 = Release|Any CPU
		{4A7A2B56-BC02-4E6F-90D2-B1CC94360111}.Debug|Any CPU.ActiveCfg = Debug|Any CPU
		{4A7A2B56-BC02-4E6F-90D2-B1CC94360111}.Debug|Any CPU.Build.0 = Debug|Any CPU
		{4A7A2B56-BC02-4E6F-90D2-B1CC94360111}.Release|Any CPU.ActiveCfg = Release|Any CPU
		{4A7A2B56-BC02-4E6F-90D2-B1CC94360111}.Release|Any CPU.Build.0 = Release|Any CPU
		{44C90326-59B9-4831-A3BD-462EE145486A}.Debug|Any CPU.ActiveCfg = Debug|Any CPU
		{44C90326-59B9-4831-A3BD-462EE145486A}.Debug|Any CPU.Build.0 = Debug|Any CPU
		{44C90326-59B9-4831-A3BD-462EE145486A}.Release|Any CPU.ActiveCfg = Release|Any CPU
		{44C90326-59B9-4831-A3BD-462EE145486A}.Release|Any CPU.Build.0 = Release|Any CPU
		{1F86A2A8-FB74-4A59-B734-12878ABD76A4}.Debug|Any CPU.ActiveCfg = Debug|Any CPU
		{1F86A2A8-FB74-4A59-B734-12878ABD76A4}.Debug|Any CPU.Build.0 = Debug|Any CPU
		{1F86A2A8-FB74-4A59-B734-12878ABD76A4}.Release|Any CPU.ActiveCfg = Release|Any CPU
		{1F86A2A8-FB74-4A59-B734-12878ABD76A4}.Release|Any CPU.Build.0 = Release|Any CPU
		{18B64005-2620-4DE5-BD31-00157A1B91FC}.Debug|Any CPU.ActiveCfg = Debug|Any CPU
		{18B64005-2620-4DE5-BD31-00157A1B91FC}.Debug|Any CPU.Build.0 = Debug|Any CPU
		{18B64005-2620-4DE5-BD31-00157A1B91FC}.Release|Any CPU.ActiveCfg = Release|Any CPU
		{18B64005-2620-4DE5-BD31-00157A1B91FC}.Release|Any CPU.Build.0 = Release|Any CPU
		{957D17F1-6BBE-4DAC-99B0-A84CEC8AD208}.Debug|Any CPU.ActiveCfg = Debug|Any CPU
		{957D17F1-6BBE-4DAC-99B0-A84CEC8AD208}.Debug|Any CPU.Build.0 = Debug|Any CPU
		{957D17F1-6BBE-4DAC-99B0-A84CEC8AD208}.Release|Any CPU.ActiveCfg = Release|Any CPU
		{957D17F1-6BBE-4DAC-99B0-A84CEC8AD208}.Release|Any CPU.Build.0 = Release|Any CPU
		{1E0A0BA9-8E5B-42A2-9344-0474015FC6CD}.Debug|Any CPU.ActiveCfg = Debug|Any CPU
		{1E0A0BA9-8E5B-42A2-9344-0474015FC6CD}.Debug|Any CPU.Build.0 = Debug|Any CPU
		{1E0A0BA9-8E5B-42A2-9344-0474015FC6CD}.Release|Any CPU.ActiveCfg = Release|Any CPU
		{1E0A0BA9-8E5B-42A2-9344-0474015FC6CD}.Release|Any CPU.Build.0 = Release|Any CPU
		{E28BE062-282C-43D1-BB9A-8F4AC1DE8C5F}.Debug|Any CPU.ActiveCfg = Debug|Any CPU
		{E28BE062-282C-43D1-BB9A-8F4AC1DE8C5F}.Debug|Any CPU.Build.0 = Debug|Any CPU
		{E28BE062-282C-43D1-BB9A-8F4AC1DE8C5F}.Release|Any CPU.ActiveCfg = Release|Any CPU
		{E28BE062-282C-43D1-BB9A-8F4AC1DE8C5F}.Release|Any CPU.Build.0 = Release|Any CPU
		{C641038B-C5F6-45C1-9862-9B000FA5EC18}.Debug|Any CPU.ActiveCfg = Debug|Any CPU
		{C641038B-C5F6-45C1-9862-9B000FA5EC18}.Debug|Any CPU.Build.0 = Debug|Any CPU
		{C641038B-C5F6-45C1-9862-9B000FA5EC18}.Release|Any CPU.ActiveCfg = Release|Any CPU
		{C641038B-C5F6-45C1-9862-9B000FA5EC18}.Release|Any CPU.Build.0 = Release|Any CPU
		{37711B30-29C7-4644-AD2C-22D58DCE4AB1}.Debug|Any CPU.ActiveCfg = Debug|Any CPU
		{37711B30-29C7-4644-AD2C-22D58DCE4AB1}.Debug|Any CPU.Build.0 = Debug|Any CPU
		{37711B30-29C7-4644-AD2C-22D58DCE4AB1}.Release|Any CPU.ActiveCfg = Release|Any CPU
		{37711B30-29C7-4644-AD2C-22D58DCE4AB1}.Release|Any CPU.Build.0 = Release|Any CPU
	EndGlobalSection
	GlobalSection(SolutionProperties) = preSolution
		HideSolutionNode = FALSE
	EndGlobalSection
	GlobalSection(NestedProjects) = preSolution
		{499887CD-751C-4A01-B219-83063A35E734} = {F7BF6CB8-7155-434D-90C7-42081CA88BEE}
		{33A2E15E-C10B-4C68-BE34-288BA0157F62} = {499887CD-751C-4A01-B219-83063A35E734}
		{6164E776-F4C2-406E-9CDC-C040F60542FA} = {499887CD-751C-4A01-B219-83063A35E734}
		{FCB2B85C-FA76-4F2F-9A1E-9DF4FD26741B} = {499887CD-751C-4A01-B219-83063A35E734}
		{E338BFAC-7764-42C7-B6BF-4194FEEF4854} = {499887CD-751C-4A01-B219-83063A35E734}
		{5CA2F1B2-AB09-4131-B486-0238C262D48A} = {2B57820D-C658-4BF6-B27A-6C56CF429598}
		{82C7F7DF-C968-4D21-812A-3D7543991323} = {2B57820D-C658-4BF6-B27A-6C56CF429598}
		{34F6FC41-ED72-4B2E-9C81-B8A0C90E7AD9} = {2B57820D-C658-4BF6-B27A-6C56CF429598}
		{7FF3E4DC-4855-4C29-9E10-7888918E0073} = {F7BF6CB8-7155-434D-90C7-42081CA88BEE}
		{E63FCF5C-AB75-4D9D-BB6D-F43F5FF5418C} = {F7BF6CB8-7155-434D-90C7-42081CA88BEE}
		{77D9C579-BB48-4CA9-90E3-CC27CD613AD1} = {E63FCF5C-AB75-4D9D-BB6D-F43F5FF5418C}
		{3E6E6E89-6E66-4934-BADB-7076C0FEE728} = {E63FCF5C-AB75-4D9D-BB6D-F43F5FF5418C}
		{CE1F7ECC-7F39-4819-A025-3BE6F3252196} = {E63FCF5C-AB75-4D9D-BB6D-F43F5FF5418C}
		{769E44EA-31CC-4CC5-A53A-54FFD2E0CC4E} = {E63FCF5C-AB75-4D9D-BB6D-F43F5FF5418C}
		{FE8D7023-E094-458D-AECB-B66B5E0F65A4} = {F7BF6CB8-7155-434D-90C7-42081CA88BEE}
		{A52F79A6-4809-4F6B-9BBF-6B690AB1E60A} = {FE8D7023-E094-458D-AECB-B66B5E0F65A4}
		{EFF1F4E0-BC2F-46E0-ADDE-A77B0AC57B17} = {FE8D7023-E094-458D-AECB-B66B5E0F65A4}
		{D50A6C01-2E67-4FE7-A703-0070C1F5210C} = {FE8D7023-E094-458D-AECB-B66B5E0F65A4}
		{918C2CDF-B22E-4625-88B9-A7A96BD24F4D} = {FE8D7023-E094-458D-AECB-B66B5E0F65A4}
		{AF3C154C-6440-4A7E-A6CF-620FB1591863} = {F7BF6CB8-7155-434D-90C7-42081CA88BEE}
		{95F7322C-D83A-4EA5-AED5-FD72F9EFDA1B} = {AF3C154C-6440-4A7E-A6CF-620FB1591863}
		{DFFBB8B1-382E-416D-B161-A0352D7C7562} = {AF3C154C-6440-4A7E-A6CF-620FB1591863}
		{DDC6DDB7-60F8-4A22-A2F3-678D91DB7923} = {AF3C154C-6440-4A7E-A6CF-620FB1591863}
		{4A7A2B56-BC02-4E6F-90D2-B1CC94360111} = {AF3C154C-6440-4A7E-A6CF-620FB1591863}
		{0AE016B7-7BC6-448E-A7FB-DA11C9B9991A} = {F7BF6CB8-7155-434D-90C7-42081CA88BEE}
		{44C90326-59B9-4831-A3BD-462EE145486A} = {0AE016B7-7BC6-448E-A7FB-DA11C9B9991A}
		{1F86A2A8-FB74-4A59-B734-12878ABD76A4} = {0AE016B7-7BC6-448E-A7FB-DA11C9B9991A}
		{18B64005-2620-4DE5-BD31-00157A1B91FC} = {0AE016B7-7BC6-448E-A7FB-DA11C9B9991A}
		{957D17F1-6BBE-4DAC-99B0-A84CEC8AD208} = {0AE016B7-7BC6-448E-A7FB-DA11C9B9991A}
		{1E0A0BA9-8E5B-42A2-9344-0474015FC6CD} = {7FF3E4DC-4855-4C29-9E10-7888918E0073}
		{E28BE062-282C-43D1-BB9A-8F4AC1DE8C5F} = {7FF3E4DC-4855-4C29-9E10-7888918E0073}
		{C641038B-C5F6-45C1-9862-9B000FA5EC18} = {7FF3E4DC-4855-4C29-9E10-7888918E0073}
		{37711B30-29C7-4644-AD2C-22D58DCE4AB1} = {7FF3E4DC-4855-4C29-9E10-7888918E0073}
	EndGlobalSection
	GlobalSection(ExtensibilityGlobals) = postSolution
		SolutionGuid = {782CB2B7-2CD4-4A6F-9700-C27257A3F9C5}
	EndGlobalSection
EndGlobal
